
Microsoft Visual Studio Solution File, Format Version 12.00
# Visual Studio Version 16
VisualStudioVersion = 16.0.31424.327
MinimumVisualStudioVersion = 10.0.40219.1
Project("{FAE04EC0-301F-11D3-BF4B-00C04F79EFBC}") = "BattleBotsTest", "BattleBotsTest\BattleBotsTest.csproj", "{2540107D-8E7A-4B4A-8AF4-08AF65C6BD89}"
EndProject
Global
	GlobalSection(SolutionConfigurationPlatforms) = preSolution
		Debug|Any CPU = Debug|Any CPU
		Release|Any CPU = Release|Any CPU
	EndGlobalSection
	GlobalSection(ProjectConfigurationPlatforms) = postSolution
		{2540107D-8E7A-4B4A-8AF4-08AF65C6BD89}.Debug|Any CPU.ActiveCfg = Debug|Any CPU
		{2540107D-8E7A-4B4A-8AF4-08AF65C6BD89}.Debug|Any CPU.Build.0 = Debug|Any CPU
		{2540107D-8E7A-4B4A-8AF4-08AF65C6BD89}.Release|Any CPU.ActiveCfg = Release|Any CPU
		{2540107D-8E7A-4B4A-8AF4-08AF65C6BD89}.Release|Any CPU.Build.0 = Release|Any CPU
	EndGlobalSection
	GlobalSection(SolutionProperties) = preSolution
		HideSolutionNode = FALSE
	EndGlobalSection
	GlobalSection(ExtensibilityGlobals) = postSolution
		SolutionGuid = {00148C8F-0C26-4038-8DAA-B41B8B51933E}
	EndGlobalSection
EndGlobal
